
Microsoft Visual Studio Solution File, Format Version 12.00
# Visual Studio Version 16
VisualStudioVersion = 16.0.29911.84
MinimumVisualStudioVersion = 10.0.40219.1
Project("{9A19103F-16F7-4668-BE54-9A1E7A4F7556}") = "FlickrDownload", "FlickrDownload.csproj", "{B175CA49-A9D2-40CB-ACA0-ECE8DB2D7032}"
EndProject
Global
	GlobalSection(SolutionConfigurationPlatforms) = preSolution
		Debug|Any CPU = Debug|Any CPU
		Release|Any CPU = Release|Any CPU
	EndGlobalSection
	GlobalSection(ProjectConfigurationPlatforms) = postSolution
		{B175CA49-A9D2-40CB-ACA0-ECE8DB2D7032}.Debug|Any CPU.ActiveCfg = Debug|Any CPU
		{B175CA49-A9D2-40CB-ACA0-ECE8DB2D7032}.Debug|Any CPU.Build.0 = Debug|Any CPU
		{B175CA49-A9D2-40CB-ACA0-ECE8DB2D7032}.Release|Any CPU.ActiveCfg = Release|Any CPU
		{B175CA49-A9D2-40CB-ACA0-ECE8DB2D7032}.Release|Any CPU.Build.0 = Release|Any CPU
	EndGlobalSection
	GlobalSection(SolutionProperties) = preSolution
		HideSolutionNode = FALSE
	EndGlobalSection
	GlobalSection(ExtensibilityGlobals) = postSolution
		SolutionGuid = {CE60C808-655A-4AAD-B5E5-D1E249998FC9}
	EndGlobalSection
EndGlobal
